// !$*UTF8*$!
{
	archiveVersion = 1;
	classes = {
	};
	objectVersion = 46;
	objects = {

/* Begin PBXBuildFile section */
		5AA8BBE31AA478C2000437A0 /* AppDelegate.swift in Sources */ = {isa = PBXBuildFile; fileRef = 5AA8BBE21AA478C2000437A0 /* AppDelegate.swift */; };
		5AA8BBE51AA478C2000437A0 /* ViewController.swift in Sources */ = {isa = PBXBuildFile; fileRef = 5AA8BBE41AA478C2000437A0 /* ViewController.swift */; };
		5AA8BBE81AA478C2000437A0 /* Main.storyboard in Resources */ = {isa = PBXBuildFile; fileRef = 5AA8BBE61AA478C2000437A0 /* Main.storyboard */; };
		5AA8BBEA1AA478C2000437A0 /* Images.xcassets in Resources */ = {isa = PBXBuildFile; fileRef = 5AA8BBE91AA478C2000437A0 /* Images.xcassets */; };
		5AA8BBED1AA478C2000437A0 /* LaunchScreen.xib in Resources */ = {isa = PBXBuildFile; fileRef = 5AA8BBEB1AA478C2000437A0 /* LaunchScreen.xib */; };
		5AA8BBF91AA478C2000437A0 /* notificationTestTests.swift in Sources */ = {isa = PBXBuildFile; fileRef = 5AA8BBF81AA478C2000437A0 /* notificationTestTests.swift */; };
/* End PBXBuildFile section */

/* Begin PBXContainerItemProxy section */
		5AA8BBF31AA478C2000437A0 /* PBXContainerItemProxy */ = {
			isa = PBXContainerItemProxy;
			containerPortal = 5AA8BBD51AA478C2000437A0 /* Project object */;
			proxyType = 1;
			remoteGlobalIDString = 5AA8BBDC1AA478C2000437A0;
			remoteInfo = notificationTest;
		};
/* End PBXContainerItemProxy section */

/* Begin PBXFileReference section */
		5AA8BBDD1AA478C2000437A0 /* notificationTest.app */ = {isa = PBXFileReference; explicitFileType = wrapper.application; includeInIndex = 0; path = notificationTest.app; sourceTree = BUILT_PRODUCTS_DIR; };
		5AA8BBE11AA478C2000437A0 /* Info.plist */ = {isa = PBXFileReference; lastKnownFileType = text.plist.xml; path = Info.plist; sourceTree = "<group>"; };
		5AA8BBE21AA478C2000437A0 /* AppDelegate.swift */ = {isa = PBXFileReference; lastKnownFileType = sourcecode.swift; path = AppDelegate.swift; sourceTree = "<group>"; };
		5AA8BBE41AA478C2000437A0 /* ViewController.swift */ = {isa = PBXFileReference; lastKnownFileType = sourcecode.swift; path = ViewController.swift; sourceTree = "<group>"; };
		5AA8BBE71AA478C2000437A0 /* Base */ = {isa = PBXFileReference; lastKnownFileType = file.storyboard; name = Base; path = Base.lproj/Main.storyboard; sourceTree = "<group>"; };
		5AA8BBE91AA478C2000437A0 /* Images.xcassets */ = {isa = PBXFileReference; lastKnownFileType = folder.assetcatalog; path = Images.xcassets; sourceTree = "<group>"; };
		5AA8BBEC1AA478C2000437A0 /* Base */ = {isa = PBXFileReference; lastKnownFileType = file.xib; name = Base; path = Base.lproj/LaunchScreen.xib; sourceTree = "<group>"; };
		5AA8BBF21AA478C2000437A0 /* notificationTestTests.xctest */ = {isa = PBXFileReference; explicitFileType = wrapper.cfbundle; includeInIndex = 0; path = notificationTestTests.xctest; sourceTree = BUILT_PRODUCTS_DIR; };
		5AA8BBF71AA478C2000437A0 /* Info.plist */ = {isa = PBXFileReference; lastKnownFileType = text.plist.xml; path = Info.plist; sourceTree = "<group>"; };
		5AA8BBF81AA478C2000437A0 /* notificationTestTests.swift */ = {isa = PBXFileReference; lastKnownFileType = sourcecode.swift; path = notificationTestTests.swift; sourceTree = "<group>"; };
/* End PBXFileReference section */

/* Begin PBXFrameworksBuildPhase section */
		5AA8BBDA1AA478C2000437A0 /* Frameworks */ = {
			isa = PBXFrameworksBuildPhase;
			buildActionMask = 2147483647;
			files = (
			);
			runOnlyForDeploymentPostprocessing = 0;
		};
		5AA8BBEF1AA478C2000437A0 /* Frameworks */ = {
			isa = PBXFrameworksBuildPhase;
			buildActionMask = 2147483647;
			files = (
			);
			runOnlyForDeploymentPostprocessing = 0;
		};
/* End PBXFrameworksBuildPhase section */

/* Begin PBXGroup section */
		5AA8BBD41AA478C2000437A0 = {
			isa = PBXGroup;
			children = (
				5AA8BBDF1AA478C2000437A0 /* notificationTest */,
				5AA8BBF51AA478C2000437A0 /* notificationTestTests */,
				5AA8BBDE1AA478C2000437A0 /* Products */,
			);
			sourceTree = "<group>";
		};
		5AA8BBDE1AA478C2000437A0 /* Products */ = {
			isa = PBXGroup;
			children = (
				5AA8BBDD1AA478C2000437A0 /* notificationTest.app */,
				5AA8BBF21AA478C2000437A0 /* notificationTestTests.xctest */,
			);
			name = Products;
			sourceTree = "<group>";
		};
		5AA8BBDF1AA478C2000437A0 /* notificationTest */ = {
			isa = PBXGroup;
			children = (
				5AA8BBE21AA478C2000437A0 /* AppDelegate.swift */,
				5AA8BBE41AA478C2000437A0 /* ViewController.swift */,
				5AA8BBE61AA478C2000437A0 /* Main.storyboard */,
				5AA8BBE91AA478C2000437A0 /* Images.xcassets */,
				5AA8BBEB1AA478C2000437A0 /* LaunchScreen.xib */,
				5AA8BBE01AA478C2000437A0 /* Supporting Files */,
			);
			path = notificationTest;
			sourceTree = "<group>";
		};
		5AA8BBE01AA478C2000437A0 /* Supporting Files */ = {
			isa = PBXGroup;
			children = (
				5AA8BBE11AA478C2000437A0 /* Info.plist */,
			);
			name = "Supporting Files";
			sourceTree = "<group>";
		};
		5AA8BBF51AA478C2000437A0 /* notificationTestTests */ = {
			isa = PBXGroup;
			children = (
				5AA8BBF81AA478C2000437A0 /* notificationTestTests.swift */,
				5AA8BBF61AA478C2000437A0 /* Supporting Files */,
			);
			path = notificationTestTests;
			sourceTree = "<group>";
		};
		5AA8BBF61AA478C2000437A0 /* Supporting Files */ = {
			isa = PBXGroup;
			children = (
				5AA8BBF71AA478C2000437A0 /* Info.plist */,
			);
			name = "Supporting Files";
			sourceTree = "<group>";
		};
/* End PBXGroup section */

/* Begin PBXNativeTarget section */
		5AA8BBDC1AA478C2000437A0 /* notificationTest */ = {
			isa = PBXNativeTarget;
			buildConfigurationList = 5AA8BBFC1AA478C2000437A0 /* Build configuration list for PBXNativeTarget "notificationTest" */;
			buildPhases = (
				5AA8BBD91AA478C2000437A0 /* Sources */,
				5AA8BBDA1AA478C2000437A0 /* Frameworks */,
				5AA8BBDB1AA478C2000437A0 /* Resources */,
			);
			buildRules = (
			);
			dependencies = (
			);
			name = notificationTest;
			productName = notificationTest;
			productReference = 5AA8BBDD1AA478C2000437A0 /* notificationTest.app */;
			productType = "com.apple.product-type.application";
		};
		5AA8BBF11AA478C2000437A0 /* notificationTestTests */ = {
			isa = PBXNativeTarget;
			buildConfigurationList = 5AA8BBFF1AA478C2000437A0 /* Build configuration list for PBXNativeTarget "notificationTestTests" */;
			buildPhases = (
				5AA8BBEE1AA478C2000437A0 /* Sources */,
				5AA8BBEF1AA478C2000437A0 /* Frameworks */,
				5AA8BBF01AA478C2000437A0 /* Resources */,
			);
			buildRules = (
			);
			dependencies = (
				5AA8BBF41AA478C2000437A0 /* PBXTargetDependency */,
			);
			name = notificationTestTests;
			productName = notificationTestTests;
			productReference = 5AA8BBF21AA478C2000437A0 /* notificationTestTests.xctest */;
			productType = "com.apple.product-type.bundle.unit-test";
		};
/* End PBXNativeTarget section */

/* Begin PBXProject section */
		5AA8BBD51AA478C2000437A0 /* Project object */ = {
			isa = PBXProject;
			attributes = {
				LastUpgradeCheck = 0610;
				ORGANIZATIONNAME = "Jeroen Zonneveld";
				TargetAttributes = {
					5AA8BBDC1AA478C2000437A0 = {
						CreatedOnToolsVersion = 6.1.1;
					};
					5AA8BBF11AA478C2000437A0 = {
						CreatedOnToolsVersion = 6.1.1;
						TestTargetID = 5AA8BBDC1AA478C2000437A0;
					};
				};
			};
			buildConfigurationList = 5AA8BBD81AA478C2000437A0 /* Build configuration list for PBXProject "notificationTest" */;
			compatibilityVersion = "Xcode 3.2";
			developmentRegion = English;
			hasScannedForEncodings = 0;
			knownRegions = (
				en,
				Base,
			);
			mainGroup = 5AA8BBD41AA478C2000437A0;
			productRefGroup = 5AA8BBDE1AA478C2000437A0 /* Products */;
			projectDirPath = "";
			projectRoot = "";
			targets = (
				5AA8BBDC1AA478C2000437A0 /* notificationTest */,
				5AA8BBF11AA478C2000437A0 /* notificationTestTests */,
			);
		};
/* End PBXProject section */

/* Begin PBXResourcesBuildPhase section */
		5AA8BBDB1AA478C2000437A0 /* Resources */ = {
			isa = PBXResourcesBuildPhase;
			buildActionMask = 2147483647;
			files = (
				5AA8BBE81AA478C2000437A0 /* Main.storyboard in Resources */,
				5AA8BBED1AA478C2000437A0 /* LaunchScreen.xib in Resources */,
				5AA8BBEA1AA478C2000437A0 /* Images.xcassets in Resources */,
			);
			runOnlyForDeploymentPostprocessing = 0;
		};
		5AA8BBF01AA478C2000437A0 /* Resources */ = {
			isa = PBXResourcesBuildPhase;
			buildActionMask = 2147483647;
			files = (
			);
			runOnlyForDeploymentPostprocessing = 0;
		};
/* End PBXResourcesBuildPhase section */

/* Begin PBXSourcesBuildPhase section */
		5AA8BBD91AA478C2000437A0 /* Sources */ = {
			isa = PBXSourcesBuildPhase;
			buildActionMask = 2147483647;
			files = (
				5AA8BBE51AA478C2000437A0 /* ViewController.swift in Sources */,
				5AA8BBE31AA478C2000437A0 /* AppDelegate.swift in Sources */,
			);
			runOnlyForDeploymentPostprocessing = 0;
		};
		5AA8BBEE1AA478C2000437A0 /* Sources */ = {
			isa = PBXSourcesBuildPhase;
			buildActionMask = 2147483647;
			files = (
				5AA8BBF91AA478C2000437A0 /* notificationTestTests.swift in Sources */,
			);
			runOnlyForDeploymentPostprocessing = 0;
		};
/* End PBXSourcesBuildPhase section */

/* Begin PBXTargetDependency section */
		5AA8BBF41AA478C2000437A0 /* PBXTargetDependency */ = {
			isa = PBXTargetDependency;
			target = 5AA8BBDC1AA478C2000437A0 /* notificationTest */;
			targetProxy = 5AA8BBF31AA478C2000437A0 /* PBXContainerItemProxy */;
		};
/* End PBXTargetDependency section */

/* Begin PBXVariantGroup section */
		5AA8BBE61AA478C2000437A0 /* Main.storyboard */ = {
			isa = PBXVariantGroup;
			children = (
				5AA8BBE71AA478C2000437A0 /* Base */,
			);
			name = Main.storyboard;
			sourceTree = "<group>";
		};
		5AA8BBEB1AA478C2000437A0 /* LaunchScreen.xib */ = {
			isa = PBXVariantGroup;
			children = (
				5AA8BBEC1AA478C2000437A0 /* Base */,
			);
			name = LaunchScreen.xib;
			sourceTree = "<group>";
		};
/* End PBXVariantGroup section */

/* Begin XCBuildConfiguration section */
		5AA8BBFA1AA478C2000437A0 /* Debug */ = {
			isa = XCBuildConfiguration;
			buildSettings = {
				ALWAYS_SEARCH_USER_PATHS = NO;
				CLANG_CXX_LANGUAGE_STANDARD = "gnu++0x";
				CLANG_CXX_LIBRARY = "libc++";
				CLANG_ENABLE_MODULES = YES;
				CLANG_ENABLE_OBJC_ARC = YES;
				CLANG_WARN_BOOL_CONVERSION = YES;
				CLANG_WARN_CONSTANT_CONVERSION = YES;
				CLANG_WARN_DIRECT_OBJC_ISA_USAGE = YES_ERROR;
				CLANG_WARN_EMPTY_BODY = YES;
				CLANG_WARN_ENUM_CONVERSION = YES;
				CLANG_WARN_INT_CONVERSION = YES;
				CLANG_WARN_OBJC_ROOT_CLASS = YES_ERROR;
				CLANG_WARN_UNREACHABLE_CODE = YES;
				CLANG_WARN__DUPLICATE_METHOD_MATCH = YES;
				"CODE_SIGN_IDENTITY[sdk=iphoneos*]" = "iPhone Developer";
				COPY_PHASE_STRIP = NO;
				ENABLE_STRICT_OBJC_MSGSEND = YES;
				GCC_C_LANGUAGE_STANDARD = gnu99;
				GCC_DYNAMIC_NO_PIC = NO;
				GCC_OPTIMIZATION_LEVEL = 0;
				GCC_PREPROCESSOR_DEFINITIONS = (
					"DEBUG=1",
					"$(inherited)",
				);
				GCC_SYMBOLS_PRIVATE_EXTERN = NO;
				GCC_WARN_64_TO_32_BIT_CONVERSION = YES;
				GCC_WARN_ABOUT_RETURN_TYPE = YES_ERROR;
				GCC_WARN_UNDECLARED_SELECTOR = YES;
				GCC_WARN_UNINITIALIZED_AUTOS = YES_AGGRESSIVE;
				GCC_WARN_UNUSED_FUNCTION = YES;
				GCC_WARN_UNUSED_VARIABLE = YES;
				IPHONEOS_DEPLOYMENT_TARGET = 8.1;
				MTL_ENABLE_DEBUG_INFO = YES;
				ONLY_ACTIVE_ARCH = YES;
				SDKROOT = iphoneos;
				SWIFT_OPTIMIZATION_LEVEL = "-Onone";
				TARGETED_DEVICE_FAMILY = "1,2";
			};
			name = Debug;
		};
		5AA8BBFB1AA478C2000437A0 /* Release */ = {
			isa = XCBuildConfiguration;
			buildSettings = {
				ALWAYS_SEARCH_USER_PATHS = NO;
				CLANG_CXX_LANGUAGE_STANDARD = "gnu++0x";
				CLANG_CXX_LIBRARY = "libc++";
				CLANG_ENABLE_MODULES = YES;
				CLANG_ENABLE_OBJC_ARC = YES;
				CLANG_WARN_BOOL_CONVERSION = YES;
				CLANG_WARN_CONSTANT_CONVERSION = YES;
				CLANG_WARN_DIRECT_OBJC_ISA_USAGE = YES_ERROR;
				CLANG_WARN_EMPTY_BODY = YES;
				CLANG_WARN_ENUM_CONVERSION = YES;
				CLANG_WARN_INT_CONVERSION = YES;
				CLANG_WARN_OBJC_ROOT_CLASS = YES_ERROR;
				CLANG_WARN_UNREACHABLE_CODE = YES;
				CLANG_WARN__DUPLICATE_METHOD_MATCH = YES;
				"CODE_SIGN_IDENTITY[sdk=iphoneos*]" = "iPhone Developer";
				COPY_PHASE_STRIP = YES;
				ENABLE_NS_ASSERTIONS = NO;
				ENABLE_STRICT_OBJC_MSGSEND = YES;
				GCC_C_LANGUAGE_STANDARD = gnu99;
				GCC_WARN_64_TO_32_BIT_CONVERSION = YES;
				GCC_WARN_ABOUT_RETURN_TYPE = YES_ERROR;
				GCC_WARN_UNDECLARED_SELECTOR = YES;
				GCC_WARN_UNINITIALIZED_AUTOS = YES_AGGRESSIVE;
				GCC_WARN_UNUSED_FUNCTION = YES;
				GCC_WARN_UNUSED_VARIABLE = YES;
				IPHONEOS_DEPLOYMENT_TARGET = 8.1;
				MTL_ENABLE_DEBUG_INFO = NO;
				SDKROOT = iphoneos;
				TARGETED_DEVICE_FAMILY = "1,2";
				VALIDATE_PRODUCT = YES;
			};
			name = Release;
		};
		5AA8BBFD1AA478C2000437A0 /* Debug */ = {
			isa = XCBuildConfiguration;
			buildSettings = {
				ASSETCATALOG_COMPILER_APPICON_NAME = AppIcon;
				INFOPLIST_FILE = notificationTest/Info.plist;
				LD_RUNPATH_SEARCH_PATHS = "$(inherited) @executable_path/Frameworks";
				PRODUCT_NAME = "$(TARGET_NAME)";
			};
			name = Debug;
		};
		5AA8BBFE1AA478C2000437A0 /* Release */ = {
			isa = XCBuildConfiguration;
			buildSettings = {
				ASSETCATALOG_COMPILER_APPICON_NAME = AppIcon;
				INFOPLIST_FILE = notificationTest/Info.plist;
				LD_RUNPATH_SEARCH_PATHS = "$(inherited) @executable_path/Frameworks";
				PRODUCT_NAME = "$(TARGET_NAME)";
			};
			name = Release;
		};
		5AA8BC001AA478C2000437A0 /* Debug */ = {
			isa = XCBuildConfiguration;
			buildSettings = {
				BUNDLE_LOADER = "$(TEST_HOST)";
				FRAMEWORK_SEARCH_PATHS = (
					"$(SDKROOT)/Developer/Library/Frameworks",
					"$(inherited)",
				);
				GCC_PREPROCESSOR_DEFINITIONS = (
					"DEBUG=1",
					"$(inherited)",
				);
				INFOPLIST_FILE = notificationTestTests/Info.plist;
				LD_RUNPATH_SEARCH_PATHS = "$(inherited) @executable_path/Frameworks @loader_path/Frameworks";
				PRODUCT_NAME = "$(TARGET_NAME)";
				TEST_HOST = "$(BUILT_PRODUCTS_DIR)/notificationTest.app/notificationTest";
			};
			name = Debug;
		};
		5AA8BC011AA478C2000437A0 /* Release */ = {
			isa = XCBuildConfiguration;
			buildSettings = {
				BUNDLE_LOADER = "$(TEST_HOST)";
				FRAMEWORK_SEARCH_PATHS = (
					"$(SDKROOT)/Developer/Library/Frameworks",
					"$(inherited)",
				);
				INFOPLIST_FILE = notificationTestTests/Info.plist;
				LD_RUNPATH_SEARCH_PATHS = "$(inherited) @executable_path/Frameworks @loader_path/Frameworks";
				PRODUCT_NAME = "$(TARGET_NAME)";
				TEST_HOST = "$(BUILT_PRODUCTS_DIR)/notificationTest.app/notificationTest";
			};
			name = Release;
		};
/* End XCBuildConfiguration section */

/* Begin XCConfigurationList section */
		5AA8BBD81AA478C2000437A0 /* Build configuration list for PBXProject "notificationTest" */ = {
			isa = XCConfigurationList;
			buildConfigurations = (
				5AA8BBFA1AA478C2000437A0 /* Debug */,
				5AA8BBFB1AA478C2000437A0 /* Release */,
			);
			defaultConfigurationIsVisible = 0;
			defaultConfigurationName = Release;
		};
		5AA8BBFC1AA478C2000437A0 /* Build configuration list for PBXNativeTarget "notificationTest" */ = {
			isa = XCConfigurationList;
			buildConfigurations = (
				5AA8BBFD1AA478C2000437A0 /* Debug */,
				5AA8BBFE1AA478C2000437A0 /* Release */,
			);
			defaultConfigurationIsVisible = 0;
		};
		5AA8BBFF1AA478C2000437A0 /* Build configuration list for PBXNativeTarget "notificationTestTests" */ = {
			isa = XCConfigurationList;
			buildConfigurations = (
				5AA8BC001AA478C2000437A0 /* Debug */,
				5AA8BC011AA478C2000437A0 /* Release */,
			);
			defaultConfigurationIsVisible = 0;
		};
/* End XCConfigurationList section */
	};
	rootObject = 5AA8BBD51AA478C2000437A0 /* Project object */;
}
