// !$*UTF8*$!
{
	archiveVersion = 1;
	classes = {
	};
	objectVersion = 46;
	objects = {

/* Begin PBXBuildFile section */
		00C7270E1ADE50220089C195 /* ViewDetailCoursesController.swift in Sources */ = {isa = PBXBuildFile; fileRef = 00C7270D1ADE50220089C195 /* ViewDetailCoursesController.swift */; };
		8424056D1AD54C4B00B8526A /* AppDelegate.swift in Sources */ = {isa = PBXBuildFile; fileRef = 8424056C1AD54C4B00B8526A /* AppDelegate.swift */; };
		8424056F1AD54C4B00B8526A /* ViewController.swift in Sources */ = {isa = PBXBuildFile; fileRef = 8424056E1AD54C4B00B8526A /* ViewController.swift */; };
		842405721AD54C4B00B8526A /* Main.storyboard in Resources */ = {isa = PBXBuildFile; fileRef = 842405701AD54C4B00B8526A /* Main.storyboard */; };
		842405741AD54C4C00B8526A /* Images.xcassets in Resources */ = {isa = PBXBuildFile; fileRef = 842405731AD54C4C00B8526A /* Images.xcassets */; };
		842405771AD54C4C00B8526A /* LaunchScreen.xib in Resources */ = {isa = PBXBuildFile; fileRef = 842405751AD54C4C00B8526A /* LaunchScreen.xib */; };
		842405831AD54C4C00B8526A /* costumTableViewControllerTests.swift in Sources */ = {isa = PBXBuildFile; fileRef = 842405821AD54C4C00B8526A /* costumTableViewControllerTests.swift */; };
		849902671ADBE77B00F37B3F /* customTableViewCell.swift in Sources */ = {isa = PBXBuildFile; fileRef = 849902661ADBE77B00F37B3F /* customTableViewCell.swift */; };
/* End PBXBuildFile section */

/* Begin PBXContainerItemProxy section */
		8424057D1AD54C4C00B8526A /* PBXContainerItemProxy */ = {
			isa = PBXContainerItemProxy;
			containerPortal = 8424055F1AD54C4B00B8526A /* Project object */;
			proxyType = 1;
			remoteGlobalIDString = 842405661AD54C4B00B8526A;
			remoteInfo = costumTableViewController;
		};
/* End PBXContainerItemProxy section */

/* Begin PBXFileReference section */
		00C7270D1ADE50220089C195 /* ViewDetailCoursesController.swift */ = {isa = PBXFileReference; fileEncoding = 4; lastKnownFileType = sourcecode.swift; path = ViewDetailCoursesController.swift; sourceTree = "<group>"; };
		842405671AD54C4B00B8526A /* costumTableViewController.app */ = {isa = PBXFileReference; explicitFileType = wrapper.application; includeInIndex = 0; path = costumTableViewController.app; sourceTree = BUILT_PRODUCTS_DIR; };
		8424056B1AD54C4B00B8526A /* Info.plist */ = {isa = PBXFileReference; lastKnownFileType = text.plist.xml; path = Info.plist; sourceTree = "<group>"; };
		8424056C1AD54C4B00B8526A /* AppDelegate.swift */ = {isa = PBXFileReference; lastKnownFileType = sourcecode.swift; path = AppDelegate.swift; sourceTree = "<group>"; };
		8424056E1AD54C4B00B8526A /* ViewController.swift */ = {isa = PBXFileReference; lastKnownFileType = sourcecode.swift; path = ViewController.swift; sourceTree = "<group>"; };
		842405711AD54C4B00B8526A /* Base */ = {isa = PBXFileReference; lastKnownFileType = file.storyboard; name = Base; path = Base.lproj/Main.storyboard; sourceTree = "<group>"; };
		842405731AD54C4C00B8526A /* Images.xcassets */ = {isa = PBXFileReference; lastKnownFileType = folder.assetcatalog; path = Images.xcassets; sourceTree = "<group>"; };
		842405761AD54C4C00B8526A /* Base */ = {isa = PBXFileReference; lastKnownFileType = file.xib; name = Base; path = Base.lproj/LaunchScreen.xib; sourceTree = "<group>"; };
		8424057C1AD54C4C00B8526A /* costumTableViewControllerTests.xctest */ = {isa = PBXFileReference; explicitFileType = wrapper.cfbundle; includeInIndex = 0; path = costumTableViewControllerTests.xctest; sourceTree = BUILT_PRODUCTS_DIR; };
		842405811AD54C4C00B8526A /* Info.plist */ = {isa = PBXFileReference; lastKnownFileType = text.plist.xml; path = Info.plist; sourceTree = "<group>"; };
		842405821AD54C4C00B8526A /* costumTableViewControllerTests.swift */ = {isa = PBXFileReference; lastKnownFileType = sourcecode.swift; path = costumTableViewControllerTests.swift; sourceTree = "<group>"; };
		849902661ADBE77B00F37B3F /* customTableViewCell.swift */ = {isa = PBXFileReference; fileEncoding = 4; lastKnownFileType = sourcecode.swift; path = customTableViewCell.swift; sourceTree = "<group>"; };
/* End PBXFileReference section */

/* Begin PBXFrameworksBuildPhase section */
		842405641AD54C4B00B8526A /* Frameworks */ = {
			isa = PBXFrameworksBuildPhase;
			buildActionMask = 2147483647;
			files = (
			);
			runOnlyForDeploymentPostprocessing = 0;
		};
		842405791AD54C4C00B8526A /* Frameworks */ = {
			isa = PBXFrameworksBuildPhase;
			buildActionMask = 2147483647;
			files = (
			);
			runOnlyForDeploymentPostprocessing = 0;
		};
/* End PBXFrameworksBuildPhase section */

/* Begin PBXGroup section */
		8424055E1AD54C4B00B8526A = {
			isa = PBXGroup;
			children = (
				842405691AD54C4B00B8526A /* costumTableViewController */,
				8424057F1AD54C4C00B8526A /* costumTableViewControllerTests */,
				842405681AD54C4B00B8526A /* Products */,
			);
			sourceTree = "<group>";
		};
		842405681AD54C4B00B8526A /* Products */ = {
			isa = PBXGroup;
			children = (
				842405671AD54C4B00B8526A /* costumTableViewController.app */,
				8424057C1AD54C4C00B8526A /* costumTableViewControllerTests.xctest */,
			);
			name = Products;
			sourceTree = "<group>";
		};
		842405691AD54C4B00B8526A /* costumTableViewController */ = {
			isa = PBXGroup;
			children = (
				8424056C1AD54C4B00B8526A /* AppDelegate.swift */,
				8424056E1AD54C4B00B8526A /* ViewController.swift */,
				842405701AD54C4B00B8526A /* Main.storyboard */,
				849902661ADBE77B00F37B3F /* customTableViewCell.swift */,
				842405731AD54C4C00B8526A /* Images.xcassets */,
				842405751AD54C4C00B8526A /* LaunchScreen.xib */,
				8424056A1AD54C4B00B8526A /* Supporting Files */,
				00C7270D1ADE50220089C195 /* ViewDetailCoursesController.swift */,
			);
			path = costumTableViewController;
			sourceTree = "<group>";
		};
		8424056A1AD54C4B00B8526A /* Supporting Files */ = {
			isa = PBXGroup;
			children = (
				8424056B1AD54C4B00B8526A /* Info.plist */,
			);
			name = "Supporting Files";
			sourceTree = "<group>";
		};
		8424057F1AD54C4C00B8526A /* costumTableViewControllerTests */ = {
			isa = PBXGroup;
			children = (
				842405821AD54C4C00B8526A /* costumTableViewControllerTests.swift */,
				842405801AD54C4C00B8526A /* Supporting Files */,
			);
			path = costumTableViewControllerTests;
			sourceTree = "<group>";
		};
		842405801AD54C4C00B8526A /* Supporting Files */ = {
			isa = PBXGroup;
			children = (
				842405811AD54C4C00B8526A /* Info.plist */,
			);
			name = "Supporting Files";
			sourceTree = "<group>";
		};
/* End PBXGroup section */

/* Begin PBXNativeTarget section */
		842405661AD54C4B00B8526A /* costumTableViewController */ = {
			isa = PBXNativeTarget;
			buildConfigurationList = 842405861AD54C4C00B8526A /* Build configuration list for PBXNativeTarget "costumTableViewController" */;
			buildPhases = (
				842405631AD54C4B00B8526A /* Sources */,
				842405641AD54C4B00B8526A /* Frameworks */,
				842405651AD54C4B00B8526A /* Resources */,
			);
			buildRules = (
			);
			dependencies = (
			);
			name = costumTableViewController;
			productName = costumTableViewController;
			productReference = 842405671AD54C4B00B8526A /* costumTableViewController.app */;
			productType = "com.apple.product-type.application";
		};
		8424057B1AD54C4C00B8526A /* costumTableViewControllerTests */ = {
			isa = PBXNativeTarget;
			buildConfigurationList = 842405891AD54C4C00B8526A /* Build configuration list for PBXNativeTarget "costumTableViewControllerTests" */;
			buildPhases = (
				842405781AD54C4C00B8526A /* Sources */,
				842405791AD54C4C00B8526A /* Frameworks */,
				8424057A1AD54C4C00B8526A /* Resources */,
			);
			buildRules = (
			);
			dependencies = (
				8424057E1AD54C4C00B8526A /* PBXTargetDependency */,
			);
			name = costumTableViewControllerTests;
			productName = costumTableViewControllerTests;
			productReference = 8424057C1AD54C4C00B8526A /* costumTableViewControllerTests.xctest */;
			productType = "com.apple.product-type.bundle.unit-test";
		};
/* End PBXNativeTarget section */

/* Begin PBXProject section */
		8424055F1AD54C4B00B8526A /* Project object */ = {
			isa = PBXProject;
			attributes = {
				LastUpgradeCheck = 0620;
				ORGANIZATIONNAME = Admin;
				TargetAttributes = {
					842405661AD54C4B00B8526A = {
						CreatedOnToolsVersion = 6.2;
					};
					8424057B1AD54C4C00B8526A = {
						CreatedOnToolsVersion = 6.2;
						TestTargetID = 842405661AD54C4B00B8526A;
					};
				};
			};
			buildConfigurationList = 842405621AD54C4B00B8526A /* Build configuration list for PBXProject "costumTableViewController" */;
			compatibilityVersion = "Xcode 3.2";
			developmentRegion = English;
			hasScannedForEncodings = 0;
			knownRegions = (
				en,
				Base,
			);
			mainGroup = 8424055E1AD54C4B00B8526A;
			productRefGroup = 842405681AD54C4B00B8526A /* Products */;
			projectDirPath = "";
			projectRoot = "";
			targets = (
				842405661AD54C4B00B8526A /* costumTableViewController */,
				8424057B1AD54C4C00B8526A /* costumTableViewControllerTests */,
			);
		};
/* End PBXProject section */

/* Begin PBXResourcesBuildPhase section */
		842405651AD54C4B00B8526A /* Resources */ = {
			isa = PBXResourcesBuildPhase;
			buildActionMask = 2147483647;
			files = (
				842405721AD54C4B00B8526A /* Main.storyboard in Resources */,
				842405771AD54C4C00B8526A /* LaunchScreen.xib in Resources */,
				842405741AD54C4C00B8526A /* Images.xcassets in Resources */,
			);
			runOnlyForDeploymentPostprocessing = 0;
		};
		8424057A1AD54C4C00B8526A /* Resources */ = {
			isa = PBXResourcesBuildPhase;
			buildActionMask = 2147483647;
			files = (
			);
			runOnlyForDeploymentPostprocessing = 0;
		};
/* End PBXResourcesBuildPhase section */

/* Begin PBXSourcesBuildPhase section */
		842405631AD54C4B00B8526A /* Sources */ = {
			isa = PBXSourcesBuildPhase;
			buildActionMask = 2147483647;
			files = (
				8424056F1AD54C4B00B8526A /* ViewController.swift in Sources */,
				8424056D1AD54C4B00B8526A /* AppDelegate.swift in Sources */,
				00C7270E1ADE50220089C195 /* ViewDetailCoursesController.swift in Sources */,
				849902671ADBE77B00F37B3F /* customTableViewCell.swift in Sources */,
			);
			runOnlyForDeploymentPostprocessing = 0;
		};
		842405781AD54C4C00B8526A /* Sources */ = {
			isa = PBXSourcesBuildPhase;
			buildActionMask = 2147483647;
			files = (
				842405831AD54C4C00B8526A /* costumTableViewControllerTests.swift in Sources */,
			);
			runOnlyForDeploymentPostprocessing = 0;
		};
/* End PBXSourcesBuildPhase section */

/* Begin PBXTargetDependency section */
		8424057E1AD54C4C00B8526A /* PBXTargetDependency */ = {
			isa = PBXTargetDependency;
			target = 842405661AD54C4B00B8526A /* costumTableViewController */;
			targetProxy = 8424057D1AD54C4C00B8526A /* PBXContainerItemProxy */;
		};
/* End PBXTargetDependency section */

/* Begin PBXVariantGroup section */
		842405701AD54C4B00B8526A /* Main.storyboard */ = {
			isa = PBXVariantGroup;
			children = (
				842405711AD54C4B00B8526A /* Base */,
			);
			name = Main.storyboard;
			sourceTree = "<group>";
		};
		842405751AD54C4C00B8526A /* LaunchScreen.xib */ = {
			isa = PBXVariantGroup;
			children = (
				842405761AD54C4C00B8526A /* Base */,
			);
			name = LaunchScreen.xib;
			sourceTree = "<group>";
		};
/* End PBXVariantGroup section */

/* Begin XCBuildConfiguration section */
		842405841AD54C4C00B8526A /* Debug */ = {
			isa = XCBuildConfiguration;
			buildSettings = {
				ALWAYS_SEARCH_USER_PATHS = NO;
				CLANG_CXX_LANGUAGE_STANDARD = "gnu++0x";
				CLANG_CXX_LIBRARY = "libc++";
				CLANG_ENABLE_MODULES = YES;
				CLANG_ENABLE_OBJC_ARC = YES;
				CLANG_WARN_BOOL_CONVERSION = YES;
				CLANG_WARN_CONSTANT_CONVERSION = YES;
				CLANG_WARN_DIRECT_OBJC_ISA_USAGE = YES_ERROR;
				CLANG_WARN_EMPTY_BODY = YES;
				CLANG_WARN_ENUM_CONVERSION = YES;
				CLANG_WARN_INT_CONVERSION = YES;
				CLANG_WARN_OBJC_ROOT_CLASS = YES_ERROR;
				CLANG_WARN_UNREACHABLE_CODE = YES;
				CLANG_WARN__DUPLICATE_METHOD_MATCH = YES;
				"CODE_SIGN_IDENTITY[sdk=iphoneos*]" = "iPhone Developer";
				COPY_PHASE_STRIP = NO;
				ENABLE_STRICT_OBJC_MSGSEND = YES;
				GCC_C_LANGUAGE_STANDARD = gnu99;
				GCC_DYNAMIC_NO_PIC = NO;
				GCC_OPTIMIZATION_LEVEL = 0;
				GCC_PREPROCESSOR_DEFINITIONS = (
					"DEBUG=1",
					"$(inherited)",
				);
				GCC_SYMBOLS_PRIVATE_EXTERN = NO;
				GCC_WARN_64_TO_32_BIT_CONVERSION = YES;
				GCC_WARN_ABOUT_RETURN_TYPE = YES_ERROR;
				GCC_WARN_UNDECLARED_SELECTOR = YES;
				GCC_WARN_UNINITIALIZED_AUTOS = YES_AGGRESSIVE;
				GCC_WARN_UNUSED_FUNCTION = YES;
				GCC_WARN_UNUSED_VARIABLE = YES;
				IPHONEOS_DEPLOYMENT_TARGET = 8.2;
				MTL_ENABLE_DEBUG_INFO = YES;
				ONLY_ACTIVE_ARCH = YES;
				SDKROOT = iphoneos;
				SWIFT_OPTIMIZATION_LEVEL = "-Onone";
				TARGETED_DEVICE_FAMILY = "1,2";
			};
			name = Debug;
		};
		842405851AD54C4C00B8526A /* Release */ = {
			isa = XCBuildConfiguration;
			buildSettings = {
				ALWAYS_SEARCH_USER_PATHS = NO;
				CLANG_CXX_LANGUAGE_STANDARD = "gnu++0x";
				CLANG_CXX_LIBRARY = "libc++";
				CLANG_ENABLE_MODULES = YES;
				CLANG_ENABLE_OBJC_ARC = YES;
				CLANG_WARN_BOOL_CONVERSION = YES;
				CLANG_WARN_CONSTANT_CONVERSION = YES;
				CLANG_WARN_DIRECT_OBJC_ISA_USAGE = YES_ERROR;
				CLANG_WARN_EMPTY_BODY = YES;
				CLANG_WARN_ENUM_CONVERSION = YES;
				CLANG_WARN_INT_CONVERSION = YES;
				CLANG_WARN_OBJC_ROOT_CLASS = YES_ERROR;
				CLANG_WARN_UNREACHABLE_CODE = YES;
				CLANG_WARN__DUPLICATE_METHOD_MATCH = YES;
				"CODE_SIGN_IDENTITY[sdk=iphoneos*]" = "iPhone Developer";
				COPY_PHASE_STRIP = NO;
				ENABLE_NS_ASSERTIONS = NO;
				ENABLE_STRICT_OBJC_MSGSEND = YES;
				GCC_C_LANGUAGE_STANDARD = gnu99;
				GCC_WARN_64_TO_32_BIT_CONVERSION = YES;
				GCC_WARN_ABOUT_RETURN_TYPE = YES_ERROR;
				GCC_WARN_UNDECLARED_SELECTOR = YES;
				GCC_WARN_UNINITIALIZED_AUTOS = YES_AGGRESSIVE;
				GCC_WARN_UNUSED_FUNCTION = YES;
				GCC_WARN_UNUSED_VARIABLE = YES;
				IPHONEOS_DEPLOYMENT_TARGET = 8.2;
				MTL_ENABLE_DEBUG_INFO = NO;
				SDKROOT = iphoneos;
				TARGETED_DEVICE_FAMILY = "1,2";
				VALIDATE_PRODUCT = YES;
			};
			name = Release;
		};
		842405871AD54C4C00B8526A /* Debug */ = {
			isa = XCBuildConfiguration;
			buildSettings = {
				ASSETCATALOG_COMPILER_APPICON_NAME = AppIcon;
				INFOPLIST_FILE = costumTableViewController/Info.plist;
				LD_RUNPATH_SEARCH_PATHS = "$(inherited) @executable_path/Frameworks";
				PRODUCT_NAME = "$(TARGET_NAME)";
			};
			name = Debug;
		};
		842405881AD54C4C00B8526A /* Release */ = {
			isa = XCBuildConfiguration;
			buildSettings = {
				ASSETCATALOG_COMPILER_APPICON_NAME = AppIcon;
				INFOPLIST_FILE = costumTableViewController/Info.plist;
				LD_RUNPATH_SEARCH_PATHS = "$(inherited) @executable_path/Frameworks";
				PRODUCT_NAME = "$(TARGET_NAME)";
			};
			name = Release;
		};
		8424058A1AD54C4C00B8526A /* Debug */ = {
			isa = XCBuildConfiguration;
			buildSettings = {
				BUNDLE_LOADER = "$(TEST_HOST)";
				FRAMEWORK_SEARCH_PATHS = (
					"$(SDKROOT)/Developer/Library/Frameworks",
					"$(inherited)",
				);
				GCC_PREPROCESSOR_DEFINITIONS = (
					"DEBUG=1",
					"$(inherited)",
				);
				INFOPLIST_FILE = costumTableViewControllerTests/Info.plist;
				LD_RUNPATH_SEARCH_PATHS = "$(inherited) @executable_path/Frameworks @loader_path/Frameworks";
				PRODUCT_NAME = "$(TARGET_NAME)";
				TEST_HOST = "$(BUILT_PRODUCTS_DIR)/costumTableViewController.app/costumTableViewController";
			};
			name = Debug;
		};
		8424058B1AD54C4C00B8526A /* Release */ = {
			isa = XCBuildConfiguration;
			buildSettings = {
				BUNDLE_LOADER = "$(TEST_HOST)";
				FRAMEWORK_SEARCH_PATHS = (
					"$(SDKROOT)/Developer/Library/Frameworks",
					"$(inherited)",
				);
				INFOPLIST_FILE = costumTableViewControllerTests/Info.plist;
				LD_RUNPATH_SEARCH_PATHS = "$(inherited) @executable_path/Frameworks @loader_path/Frameworks";
				PRODUCT_NAME = "$(TARGET_NAME)";
				TEST_HOST = "$(BUILT_PRODUCTS_DIR)/costumTableViewController.app/costumTableViewController";
			};
			name = Release;
		};
/* End XCBuildConfiguration section */

/* Begin XCConfigurationList section */
		842405621AD54C4B00B8526A /* Build configuration list for PBXProject "costumTableViewController" */ = {
			isa = XCConfigurationList;
			buildConfigurations = (
				842405841AD54C4C00B8526A /* Debug */,
				842405851AD54C4C00B8526A /* Release */,
			);
			defaultConfigurationIsVisible = 0;
			defaultConfigurationName = Release;
		};
		842405861AD54C4C00B8526A /* Build configuration list for PBXNativeTarget "costumTableViewController" */ = {
			isa = XCConfigurationList;
			buildConfigurations = (
				842405871AD54C4C00B8526A /* Debug */,
				842405881AD54C4C00B8526A /* Release */,
			);
			defaultConfigurationIsVisible = 0;
			defaultConfigurationName = Release;
		};
		842405891AD54C4C00B8526A /* Build configuration list for PBXNativeTarget "costumTableViewControllerTests" */ = {
			isa = XCConfigurationList;
			buildConfigurations = (
				8424058A1AD54C4C00B8526A /* Debug */,
				8424058B1AD54C4C00B8526A /* Release */,
			);
			defaultConfigurationIsVisible = 0;
			defaultConfigurationName = Release;
		};
/* End XCConfigurationList section */
	};
	rootObject = 8424055F1AD54C4B00B8526A /* Project object */;
}
