// !$*UTF8*$!
{
	archiveVersion = 1;
	classes = {
	};
	objectVersion = 46;
	objects = {

/* Begin PBXBuildFile section */
		8436DA7C1ADC2E3B00FB283D /* AppDelegate.swift in Sources */ = {isa = PBXBuildFile; fileRef = 8436DA7B1ADC2E3B00FB283D /* AppDelegate.swift */; };
		8436DA7E1ADC2E3B00FB283D /* ViewController.swift in Sources */ = {isa = PBXBuildFile; fileRef = 8436DA7D1ADC2E3B00FB283D /* ViewController.swift */; };
		8436DA811ADC2E3B00FB283D /* Main.storyboard in Resources */ = {isa = PBXBuildFile; fileRef = 8436DA7F1ADC2E3B00FB283D /* Main.storyboard */; };
		8436DA831ADC2E3B00FB283D /* Images.xcassets in Resources */ = {isa = PBXBuildFile; fileRef = 8436DA821ADC2E3B00FB283D /* Images.xcassets */; };
		8436DA861ADC2E3B00FB283D /* LaunchScreen.xib in Resources */ = {isa = PBXBuildFile; fileRef = 8436DA841ADC2E3B00FB283D /* LaunchScreen.xib */; };
		8436DA921ADC2E3B00FB283D /* webViewerFixTests.swift in Sources */ = {isa = PBXBuildFile; fileRef = 8436DA911ADC2E3B00FB283D /* webViewerFixTests.swift */; };
/* End PBXBuildFile section */

/* Begin PBXContainerItemProxy section */
		8436DA8C1ADC2E3B00FB283D /* PBXContainerItemProxy */ = {
			isa = PBXContainerItemProxy;
			containerPortal = 8436DA6E1ADC2E3B00FB283D /* Project object */;
			proxyType = 1;
			remoteGlobalIDString = 8436DA751ADC2E3B00FB283D;
			remoteInfo = webViewerFix;
		};
/* End PBXContainerItemProxy section */

/* Begin PBXFileReference section */
		8436DA761ADC2E3B00FB283D /* webViewerFix.app */ = {isa = PBXFileReference; explicitFileType = wrapper.application; includeInIndex = 0; path = webViewerFix.app; sourceTree = BUILT_PRODUCTS_DIR; };
		8436DA7A1ADC2E3B00FB283D /* Info.plist */ = {isa = PBXFileReference; lastKnownFileType = text.plist.xml; path = Info.plist; sourceTree = "<group>"; };
		8436DA7B1ADC2E3B00FB283D /* AppDelegate.swift */ = {isa = PBXFileReference; lastKnownFileType = sourcecode.swift; path = AppDelegate.swift; sourceTree = "<group>"; };
		8436DA7D1ADC2E3B00FB283D /* ViewController.swift */ = {isa = PBXFileReference; lastKnownFileType = sourcecode.swift; path = ViewController.swift; sourceTree = "<group>"; };
		8436DA801ADC2E3B00FB283D /* Base */ = {isa = PBXFileReference; lastKnownFileType = file.storyboard; name = Base; path = Base.lproj/Main.storyboard; sourceTree = "<group>"; };
		8436DA821ADC2E3B00FB283D /* Images.xcassets */ = {isa = PBXFileReference; lastKnownFileType = folder.assetcatalog; path = Images.xcassets; sourceTree = "<group>"; };
		8436DA851ADC2E3B00FB283D /* Base */ = {isa = PBXFileReference; lastKnownFileType = file.xib; name = Base; path = Base.lproj/LaunchScreen.xib; sourceTree = "<group>"; };
		8436DA8B1ADC2E3B00FB283D /* webViewerFixTests.xctest */ = {isa = PBXFileReference; explicitFileType = wrapper.cfbundle; includeInIndex = 0; path = webViewerFixTests.xctest; sourceTree = BUILT_PRODUCTS_DIR; };
		8436DA901ADC2E3B00FB283D /* Info.plist */ = {isa = PBXFileReference; lastKnownFileType = text.plist.xml; path = Info.plist; sourceTree = "<group>"; };
		8436DA911ADC2E3B00FB283D /* webViewerFixTests.swift */ = {isa = PBXFileReference; lastKnownFileType = sourcecode.swift; path = webViewerFixTests.swift; sourceTree = "<group>"; };
/* End PBXFileReference section */

/* Begin PBXFrameworksBuildPhase section */
		8436DA731ADC2E3B00FB283D /* Frameworks */ = {
			isa = PBXFrameworksBuildPhase;
			buildActionMask = 2147483647;
			files = (
			);
			runOnlyForDeploymentPostprocessing = 0;
		};
		8436DA881ADC2E3B00FB283D /* Frameworks */ = {
			isa = PBXFrameworksBuildPhase;
			buildActionMask = 2147483647;
			files = (
			);
			runOnlyForDeploymentPostprocessing = 0;
		};
/* End PBXFrameworksBuildPhase section */

/* Begin PBXGroup section */
		8436DA6D1ADC2E3B00FB283D = {
			isa = PBXGroup;
			children = (
				8436DA781ADC2E3B00FB283D /* webViewerFix */,
				8436DA8E1ADC2E3B00FB283D /* webViewerFixTests */,
				8436DA771ADC2E3B00FB283D /* Products */,
			);
			sourceTree = "<group>";
		};
		8436DA771ADC2E3B00FB283D /* Products */ = {
			isa = PBXGroup;
			children = (
				8436DA761ADC2E3B00FB283D /* webViewerFix.app */,
				8436DA8B1ADC2E3B00FB283D /* webViewerFixTests.xctest */,
			);
			name = Products;
			sourceTree = "<group>";
		};
		8436DA781ADC2E3B00FB283D /* webViewerFix */ = {
			isa = PBXGroup;
			children = (
				8436DA7B1ADC2E3B00FB283D /* AppDelegate.swift */,
				8436DA7D1ADC2E3B00FB283D /* ViewController.swift */,
				8436DA7F1ADC2E3B00FB283D /* Main.storyboard */,
				8436DA821ADC2E3B00FB283D /* Images.xcassets */,
				8436DA841ADC2E3B00FB283D /* LaunchScreen.xib */,
				8436DA791ADC2E3B00FB283D /* Supporting Files */,
			);
			path = webViewerFix;
			sourceTree = "<group>";
		};
		8436DA791ADC2E3B00FB283D /* Supporting Files */ = {
			isa = PBXGroup;
			children = (
				8436DA7A1ADC2E3B00FB283D /* Info.plist */,
			);
			name = "Supporting Files";
			sourceTree = "<group>";
		};
		8436DA8E1ADC2E3B00FB283D /* webViewerFixTests */ = {
			isa = PBXGroup;
			children = (
				8436DA911ADC2E3B00FB283D /* webViewerFixTests.swift */,
				8436DA8F1ADC2E3B00FB283D /* Supporting Files */,
			);
			path = webViewerFixTests;
			sourceTree = "<group>";
		};
		8436DA8F1ADC2E3B00FB283D /* Supporting Files */ = {
			isa = PBXGroup;
			children = (
				8436DA901ADC2E3B00FB283D /* Info.plist */,
			);
			name = "Supporting Files";
			sourceTree = "<group>";
		};
/* End PBXGroup section */

/* Begin PBXNativeTarget section */
		8436DA751ADC2E3B00FB283D /* webViewerFix */ = {
			isa = PBXNativeTarget;
			buildConfigurationList = 8436DA951ADC2E3B00FB283D /* Build configuration list for PBXNativeTarget "webViewerFix" */;
			buildPhases = (
				8436DA721ADC2E3B00FB283D /* Sources */,
				8436DA731ADC2E3B00FB283D /* Frameworks */,
				8436DA741ADC2E3B00FB283D /* Resources */,
			);
			buildRules = (
			);
			dependencies = (
			);
			name = webViewerFix;
			productName = webViewerFix;
			productReference = 8436DA761ADC2E3B00FB283D /* webViewerFix.app */;
			productType = "com.apple.product-type.application";
		};
		8436DA8A1ADC2E3B00FB283D /* webViewerFixTests */ = {
			isa = PBXNativeTarget;
			buildConfigurationList = 8436DA981ADC2E3B00FB283D /* Build configuration list for PBXNativeTarget "webViewerFixTests" */;
			buildPhases = (
				8436DA871ADC2E3B00FB283D /* Sources */,
				8436DA881ADC2E3B00FB283D /* Frameworks */,
				8436DA891ADC2E3B00FB283D /* Resources */,
			);
			buildRules = (
			);
			dependencies = (
				8436DA8D1ADC2E3B00FB283D /* PBXTargetDependency */,
			);
			name = webViewerFixTests;
			productName = webViewerFixTests;
			productReference = 8436DA8B1ADC2E3B00FB283D /* webViewerFixTests.xctest */;
			productType = "com.apple.product-type.bundle.unit-test";
		};
/* End PBXNativeTarget section */

/* Begin PBXProject section */
		8436DA6E1ADC2E3B00FB283D /* Project object */ = {
			isa = PBXProject;
			attributes = {
				LastUpgradeCheck = 0620;
				ORGANIZATIONNAME = Admin;
				TargetAttributes = {
					8436DA751ADC2E3B00FB283D = {
						CreatedOnToolsVersion = 6.2;
					};
					8436DA8A1ADC2E3B00FB283D = {
						CreatedOnToolsVersion = 6.2;
						TestTargetID = 8436DA751ADC2E3B00FB283D;
					};
				};
			};
			buildConfigurationList = 8436DA711ADC2E3B00FB283D /* Build configuration list for PBXProject "webViewerFix" */;
			compatibilityVersion = "Xcode 3.2";
			developmentRegion = English;
			hasScannedForEncodings = 0;
			knownRegions = (
				en,
				Base,
			);
			mainGroup = 8436DA6D1ADC2E3B00FB283D;
			productRefGroup = 8436DA771ADC2E3B00FB283D /* Products */;
			projectDirPath = "";
			projectRoot = "";
			targets = (
				8436DA751ADC2E3B00FB283D /* webViewerFix */,
				8436DA8A1ADC2E3B00FB283D /* webViewerFixTests */,
			);
		};
/* End PBXProject section */

/* Begin PBXResourcesBuildPhase section */
		8436DA741ADC2E3B00FB283D /* Resources */ = {
			isa = PBXResourcesBuildPhase;
			buildActionMask = 2147483647;
			files = (
				8436DA811ADC2E3B00FB283D /* Main.storyboard in Resources */,
				8436DA861ADC2E3B00FB283D /* LaunchScreen.xib in Resources */,
				8436DA831ADC2E3B00FB283D /* Images.xcassets in Resources */,
			);
			runOnlyForDeploymentPostprocessing = 0;
		};
		8436DA891ADC2E3B00FB283D /* Resources */ = {
			isa = PBXResourcesBuildPhase;
			buildActionMask = 2147483647;
			files = (
			);
			runOnlyForDeploymentPostprocessing = 0;
		};
/* End PBXResourcesBuildPhase section */

/* Begin PBXSourcesBuildPhase section */
		8436DA721ADC2E3B00FB283D /* Sources */ = {
			isa = PBXSourcesBuildPhase;
			buildActionMask = 2147483647;
			files = (
				8436DA7E1ADC2E3B00FB283D /* ViewController.swift in Sources */,
				8436DA7C1ADC2E3B00FB283D /* AppDelegate.swift in Sources */,
			);
			runOnlyForDeploymentPostprocessing = 0;
		};
		8436DA871ADC2E3B00FB283D /* Sources */ = {
			isa = PBXSourcesBuildPhase;
			buildActionMask = 2147483647;
			files = (
				8436DA921ADC2E3B00FB283D /* webViewerFixTests.swift in Sources */,
			);
			runOnlyForDeploymentPostprocessing = 0;
		};
/* End PBXSourcesBuildPhase section */

/* Begin PBXTargetDependency section */
		8436DA8D1ADC2E3B00FB283D /* PBXTargetDependency */ = {
			isa = PBXTargetDependency;
			target = 8436DA751ADC2E3B00FB283D /* webViewerFix */;
			targetProxy = 8436DA8C1ADC2E3B00FB283D /* PBXContainerItemProxy */;
		};
/* End PBXTargetDependency section */

/* Begin PBXVariantGroup section */
		8436DA7F1ADC2E3B00FB283D /* Main.storyboard */ = {
			isa = PBXVariantGroup;
			children = (
				8436DA801ADC2E3B00FB283D /* Base */,
			);
			name = Main.storyboard;
			sourceTree = "<group>";
		};
		8436DA841ADC2E3B00FB283D /* LaunchScreen.xib */ = {
			isa = PBXVariantGroup;
			children = (
				8436DA851ADC2E3B00FB283D /* Base */,
			);
			name = LaunchScreen.xib;
			sourceTree = "<group>";
		};
/* End PBXVariantGroup section */

/* Begin XCBuildConfiguration section */
		8436DA931ADC2E3B00FB283D /* Debug */ = {
			isa = XCBuildConfiguration;
			buildSettings = {
				ALWAYS_SEARCH_USER_PATHS = NO;
				CLANG_CXX_LANGUAGE_STANDARD = "gnu++0x";
				CLANG_CXX_LIBRARY = "libc++";
				CLANG_ENABLE_MODULES = YES;
				CLANG_ENABLE_OBJC_ARC = YES;
				CLANG_WARN_BOOL_CONVERSION = YES;
				CLANG_WARN_CONSTANT_CONVERSION = YES;
				CLANG_WARN_DIRECT_OBJC_ISA_USAGE = YES_ERROR;
				CLANG_WARN_EMPTY_BODY = YES;
				CLANG_WARN_ENUM_CONVERSION = YES;
				CLANG_WARN_INT_CONVERSION = YES;
				CLANG_WARN_OBJC_ROOT_CLASS = YES_ERROR;
				CLANG_WARN_UNREACHABLE_CODE = YES;
				CLANG_WARN__DUPLICATE_METHOD_MATCH = YES;
				"CODE_SIGN_IDENTITY[sdk=iphoneos*]" = "iPhone Developer";
				COPY_PHASE_STRIP = NO;
				ENABLE_STRICT_OBJC_MSGSEND = YES;
				GCC_C_LANGUAGE_STANDARD = gnu99;
				GCC_DYNAMIC_NO_PIC = NO;
				GCC_OPTIMIZATION_LEVEL = 0;
				GCC_PREPROCESSOR_DEFINITIONS = (
					"DEBUG=1",
					"$(inherited)",
				);
				GCC_SYMBOLS_PRIVATE_EXTERN = NO;
				GCC_WARN_64_TO_32_BIT_CONVERSION = YES;
				GCC_WARN_ABOUT_RETURN_TYPE = YES_ERROR;
				GCC_WARN_UNDECLARED_SELECTOR = YES;
				GCC_WARN_UNINITIALIZED_AUTOS = YES_AGGRESSIVE;
				GCC_WARN_UNUSED_FUNCTION = YES;
				GCC_WARN_UNUSED_VARIABLE = YES;
				IPHONEOS_DEPLOYMENT_TARGET = 8.2;
				MTL_ENABLE_DEBUG_INFO = YES;
				ONLY_ACTIVE_ARCH = YES;
				SDKROOT = iphoneos;
				SWIFT_OPTIMIZATION_LEVEL = "-Onone";
				TARGETED_DEVICE_FAMILY = "1,2";
			};
			name = Debug;
		};
		8436DA941ADC2E3B00FB283D /* Release */ = {
			isa = XCBuildConfiguration;
			buildSettings = {
				ALWAYS_SEARCH_USER_PATHS = NO;
				CLANG_CXX_LANGUAGE_STANDARD = "gnu++0x";
				CLANG_CXX_LIBRARY = "libc++";
				CLANG_ENABLE_MODULES = YES;
				CLANG_ENABLE_OBJC_ARC = YES;
				CLANG_WARN_BOOL_CONVERSION = YES;
				CLANG_WARN_CONSTANT_CONVERSION = YES;
				CLANG_WARN_DIRECT_OBJC_ISA_USAGE = YES_ERROR;
				CLANG_WARN_EMPTY_BODY = YES;
				CLANG_WARN_ENUM_CONVERSION = YES;
				CLANG_WARN_INT_CONVERSION = YES;
				CLANG_WARN_OBJC_ROOT_CLASS = YES_ERROR;
				CLANG_WARN_UNREACHABLE_CODE = YES;
				CLANG_WARN__DUPLICATE_METHOD_MATCH = YES;
				"CODE_SIGN_IDENTITY[sdk=iphoneos*]" = "iPhone Developer";
				COPY_PHASE_STRIP = NO;
				ENABLE_NS_ASSERTIONS = NO;
				ENABLE_STRICT_OBJC_MSGSEND = YES;
				GCC_C_LANGUAGE_STANDARD = gnu99;
				GCC_WARN_64_TO_32_BIT_CONVERSION = YES;
				GCC_WARN_ABOUT_RETURN_TYPE = YES_ERROR;
				GCC_WARN_UNDECLARED_SELECTOR = YES;
				GCC_WARN_UNINITIALIZED_AUTOS = YES_AGGRESSIVE;
				GCC_WARN_UNUSED_FUNCTION = YES;
				GCC_WARN_UNUSED_VARIABLE = YES;
				IPHONEOS_DEPLOYMENT_TARGET = 8.2;
				MTL_ENABLE_DEBUG_INFO = NO;
				SDKROOT = iphoneos;
				TARGETED_DEVICE_FAMILY = "1,2";
				VALIDATE_PRODUCT = YES;
			};
			name = Release;
		};
		8436DA961ADC2E3B00FB283D /* Debug */ = {
			isa = XCBuildConfiguration;
			buildSettings = {
				ASSETCATALOG_COMPILER_APPICON_NAME = AppIcon;
				INFOPLIST_FILE = webViewerFix/Info.plist;
				LD_RUNPATH_SEARCH_PATHS = "$(inherited) @executable_path/Frameworks";
				PRODUCT_NAME = "$(TARGET_NAME)";
			};
			name = Debug;
		};
		8436DA971ADC2E3B00FB283D /* Release */ = {
			isa = XCBuildConfiguration;
			buildSettings = {
				ASSETCATALOG_COMPILER_APPICON_NAME = AppIcon;
				INFOPLIST_FILE = webViewerFix/Info.plist;
				LD_RUNPATH_SEARCH_PATHS = "$(inherited) @executable_path/Frameworks";
				PRODUCT_NAME = "$(TARGET_NAME)";
			};
			name = Release;
		};
		8436DA991ADC2E3B00FB283D /* Debug */ = {
			isa = XCBuildConfiguration;
			buildSettings = {
				BUNDLE_LOADER = "$(TEST_HOST)";
				FRAMEWORK_SEARCH_PATHS = (
					"$(SDKROOT)/Developer/Library/Frameworks",
					"$(inherited)",
				);
				GCC_PREPROCESSOR_DEFINITIONS = (
					"DEBUG=1",
					"$(inherited)",
				);
				INFOPLIST_FILE = webViewerFixTests/Info.plist;
				LD_RUNPATH_SEARCH_PATHS = "$(inherited) @executable_path/Frameworks @loader_path/Frameworks";
				PRODUCT_NAME = "$(TARGET_NAME)";
				TEST_HOST = "$(BUILT_PRODUCTS_DIR)/webViewerFix.app/webViewerFix";
			};
			name = Debug;
		};
		8436DA9A1ADC2E3B00FB283D /* Release */ = {
			isa = XCBuildConfiguration;
			buildSettings = {
				BUNDLE_LOADER = "$(TEST_HOST)";
				FRAMEWORK_SEARCH_PATHS = (
					"$(SDKROOT)/Developer/Library/Frameworks",
					"$(inherited)",
				);
				INFOPLIST_FILE = webViewerFixTests/Info.plist;
				LD_RUNPATH_SEARCH_PATHS = "$(inherited) @executable_path/Frameworks @loader_path/Frameworks";
				PRODUCT_NAME = "$(TARGET_NAME)";
				TEST_HOST = "$(BUILT_PRODUCTS_DIR)/webViewerFix.app/webViewerFix";
			};
			name = Release;
		};
/* End XCBuildConfiguration section */

/* Begin XCConfigurationList section */
		8436DA711ADC2E3B00FB283D /* Build configuration list for PBXProject "webViewerFix" */ = {
			isa = XCConfigurationList;
			buildConfigurations = (
				8436DA931ADC2E3B00FB283D /* Debug */,
				8436DA941ADC2E3B00FB283D /* Release */,
			);
			defaultConfigurationIsVisible = 0;
			defaultConfigurationName = Release;
		};
		8436DA951ADC2E3B00FB283D /* Build configuration list for PBXNativeTarget "webViewerFix" */ = {
			isa = XCConfigurationList;
			buildConfigurations = (
				8436DA961ADC2E3B00FB283D /* Debug */,
				8436DA971ADC2E3B00FB283D /* Release */,
			);
			defaultConfigurationIsVisible = 0;
		};
		8436DA981ADC2E3B00FB283D /* Build configuration list for PBXNativeTarget "webViewerFixTests" */ = {
			isa = XCConfigurationList;
			buildConfigurations = (
				8436DA991ADC2E3B00FB283D /* Debug */,
				8436DA9A1ADC2E3B00FB283D /* Release */,
			);
			defaultConfigurationIsVisible = 0;
		};
/* End XCConfigurationList section */
	};
	rootObject = 8436DA6E1ADC2E3B00FB283D /* Project object */;
}
